
Microsoft Visual Studio Solution File, Format Version 12.00
# Visual Studio 15
VisualStudioVersion = 15.0.28307.1500
MinimumVisualStudioVersion = 10.0.40219.1
Project("{888888A0-9F3D-457C-B088-3A5042F75D52}") = "TF2", "TF2\TF2.pyproj", "{94CF3092-393B-4865-9DBC-13F8395B15CC}"
EndProject
Global
	GlobalSection(SolutionConfigurationPlatforms) = preSolution
		Debug|Any CPU = Debug|Any CPU
		Release|Any CPU = Release|Any CPU
	EndGlobalSection
	GlobalSection(ProjectConfigurationPlatforms) = postSolution
		{94CF3092-393B-4865-9DBC-13F8395B15CC}.Debug|Any CPU.ActiveCfg = Debug|Any CPU
		{94CF3092-393B-4865-9DBC-13F8395B15CC}.Release|Any CPU.ActiveCfg = Release|Any CPU
	EndGlobalSection
	GlobalSection(SolutionProperties) = preSolution
		HideSolutionNode = FALSE
	EndGlobalSection
	GlobalSection(ExtensibilityGlobals) = postSolution
		SolutionGuid = {C425C53D-6EC4-4471-B543-5E31F307C9CD}
	EndGlobalSection
EndGlobal
