
Microsoft Visual Studio Solution File, Format Version 12.00
# Visual Studio 15
VisualStudioVersion = 15.0.28307.1525
MinimumVisualStudioVersion = 10.0.40219.1
Project("{888888A0-9F3D-457C-B088-3A5042F75D52}") = "Deep_Learning2", "Deep_Learning2\Deep_Learning2.pyproj", "{7C5D9B44-1A6D-486C-BB94-1AB2F5BAB994}"
EndProject
Global
	GlobalSection(SolutionConfigurationPlatforms) = preSolution
		Debug|Any CPU = Debug|Any CPU
		Release|Any CPU = Release|Any CPU
	EndGlobalSection
	GlobalSection(ProjectConfigurationPlatforms) = postSolution
		{7C5D9B44-1A6D-486C-BB94-1AB2F5BAB994}.Debug|Any CPU.ActiveCfg = Debug|Any CPU
		{7C5D9B44-1A6D-486C-BB94-1AB2F5BAB994}.Release|Any CPU.ActiveCfg = Release|Any CPU
	EndGlobalSection
	GlobalSection(SolutionProperties) = preSolution
		HideSolutionNode = FALSE
	EndGlobalSection
	GlobalSection(ExtensibilityGlobals) = postSolution
		SolutionGuid = {F8A3B3D5-1981-4F30-91E0-E9BF86A5F822}
	EndGlobalSection
EndGlobal
