
Microsoft Visual Studio Solution File, Format Version 12.00
# Visual Studio Version 16
VisualStudioVersion = 16.0.30804.86
MinimumVisualStudioVersion = 10.0.40219.1
Project("{8BC9CEB8-8B4A-11D0-8D11-00A0C91BC942}") = "AA", "AA\AA.vcxproj", "{8DE05E66-48C5-4A1E-8575-C4451E5ABA42}"
EndProject
Global
	GlobalSection(SolutionConfigurationPlatforms) = preSolution
		Debug|x64 = Debug|x64
		Debug|x86 = Debug|x86
		Release|x64 = Release|x64
		Release|x86 = Release|x86
	EndGlobalSection
	GlobalSection(ProjectConfigurationPlatforms) = postSolution
		{8DE05E66-48C5-4A1E-8575-C4451E5ABA42}.Debug|x64.ActiveCfg = Debug|x64
		{8DE05E66-48C5-4A1E-8575-C4451E5ABA42}.Debug|x64.Build.0 = Debug|x64
		{8DE05E66-48C5-4A1E-8575-C4451E5ABA42}.Debug|x86.ActiveCfg = Debug|Win32
		{8DE05E66-48C5-4A1E-8575-C4451E5ABA42}.Debug|x86.Build.0 = Debug|Win32
		{8DE05E66-48C5-4A1E-8575-C4451E5ABA42}.Release|x64.ActiveCfg = Release|x64
		{8DE05E66-48C5-4A1E-8575-C4451E5ABA42}.Release|x64.Build.0 = Release|x64
		{8DE05E66-48C5-4A1E-8575-C4451E5ABA42}.Release|x86.ActiveCfg = Release|Win32
		{8DE05E66-48C5-4A1E-8575-C4451E5ABA42}.Release|x86.Build.0 = Release|Win32
	EndGlobalSection
	GlobalSection(SolutionProperties) = preSolution
		HideSolutionNode = FALSE
	EndGlobalSection
	GlobalSection(ExtensibilityGlobals) = postSolution
		SolutionGuid = {3C42FD52-601D-4319-AB1B-D4E27AB068EC}
	EndGlobalSection
EndGlobal
