
Microsoft Visual Studio Solution File, Format Version 12.00
# Visual Studio Version 16
VisualStudioVersion = 16.0.31624.102
MinimumVisualStudioVersion = 10.0.40219.1
Project("{888888A0-9F3D-457C-B088-3A5042F75D52}") = "회귀", "회귀\회귀.pyproj", "{456A446D-223B-46A2-BACD-8E8448FE92FA}"
EndProject
Project("{888888A0-9F3D-457C-B088-3A5042F75D52}") = "공통", "공통\공통.pyproj", "{B1336167-E3F0-4FEC-BFFD-6BE95B27E3FD}"
EndProject
Global
	GlobalSection(SolutionConfigurationPlatforms) = preSolution
		Debug|Any CPU = Debug|Any CPU
		Release|Any CPU = Release|Any CPU
	EndGlobalSection
	GlobalSection(ProjectConfigurationPlatforms) = postSolution
		{456A446D-223B-46A2-BACD-8E8448FE92FA}.Debug|Any CPU.ActiveCfg = Debug|Any CPU
		{456A446D-223B-46A2-BACD-8E8448FE92FA}.Release|Any CPU.ActiveCfg = Release|Any CPU
		{B1336167-E3F0-4FEC-BFFD-6BE95B27E3FD}.Debug|Any CPU.ActiveCfg = Debug|Any CPU
		{B1336167-E3F0-4FEC-BFFD-6BE95B27E3FD}.Release|Any CPU.ActiveCfg = Release|Any CPU
	EndGlobalSection
	GlobalSection(SolutionProperties) = preSolution
		HideSolutionNode = FALSE
	EndGlobalSection
	GlobalSection(ExtensibilityGlobals) = postSolution
		SolutionGuid = {912E867E-07D5-4F2E-934F-6AFAE1D7762E}
	EndGlobalSection
EndGlobal
